# This file is automatically @generated by Cargo.
# It is not intended for manual editing.
version = 4

[[package]]
name = "mt7996_v2"
version = "0.1.0"
dependencies = [
 "pcie",
 "userlib",
]

[[package]]
name = "pcie"
version = "0.1.0"
dependencies = [
 "userlib",
]

[[package]]
name = "userlib"
version = "0.1.0"

[[package]]
name = "wifid2"
version = "0.1.0"
dependencies = [
 "mt7996_v2",
 "pcie",
 "userlib",
]
