# This file is automatically @generated by Cargo.
# It is not intended for manual editing.
version = 4

[[package]]
name = "abi"
version = "0.1.0"

[[package]]
name = "libf"
version = "0.1.0"

[[package]]
name = "libos"
version = "0.1.0"
dependencies = [
 "abi",
 "libf",
 "libsys",
]

[[package]]
name = "libsys"
version = "0.1.0"
dependencies = [
 "abi",
]

[[package]]
name = "usb"
version = "0.1.0"
dependencies = [
 "libos",
 "libsys",
]

[[package]]
name = "usbd"
version = "0.1.0"
dependencies = [
 "libos",
 "libsys",
 "usb",
]
