# This file is automatically @generated by Cargo.
# It is not intended for manual editing.
version = 4

[[package]]
name = "msc"
version = "0.1.0"
dependencies = [
 "usb",
 "userlib",
]

[[package]]
name = "usb"
version = "0.1.0"
dependencies = [
 "userlib",
]

[[package]]
name = "userlib"
version = "0.1.0"
